
Microsoft Visual Studio Solution File, Format Version 9.00
# Visual Studio 2005
Project("{8BC9CEB8-8B4A-11D0-8D11-00A0C91BC942}") = "WinPort", "WinPort\WinPort.vcproj", "{1E6B9A55-975B-4AAC-874B-31113A72C0EE}"
EndProject
Project("{8BC9CEB8-8B4A-11D0-8D11-00A0C91BC942}") = "Nimble", "..\Nimble\win\Nimble.vcproj", "{1AC2C453-10C4-3639-8BA5-58A282D23FDC}"
	ProjectSection(ProjectDependencies) = postProject
		{1E6B9A55-975B-4AAC-874B-31113A72C0EE} = {1E6B9A55-975B-4AAC-874B-31113A72C0EE}
	EndProjectSection
EndProject
Project("{8BC9CEB8-8B4A-11D0-8D11-00A0C91BC942}") = "ValueIO", "..\ValueIO\win\ValueIO.vcproj", "{A4484306-126D-3B1C-A039-C9F6B931EE56}"
	ProjectSection(ProjectDependencies) = postProject
		{1E6B9A55-975B-4AAC-874B-31113A72C0EE} = {1E6B9A55-975B-4AAC-874B-31113A72C0EE}
	EndProjectSection
EndProject
Project("{8BC9CEB8-8B4A-11D0-8D11-00A0C91BC942}") = "Radiant", "..\Radiant\win\Radiant.vcproj", "{9806B806-9CC5-3C8A-8055-EF2340E5FFC6}"
	ProjectSection(ProjectDependencies) = postProject
		{A4484306-126D-3B1C-A039-C9F6B931EE56} = {A4484306-126D-3B1C-A039-C9F6B931EE56}
		{1AC2C453-10C4-3639-8BA5-58A282D23FDC} = {1AC2C453-10C4-3639-8BA5-58A282D23FDC}
		{1E6B9A55-975B-4AAC-874B-31113A72C0EE} = {1E6B9A55-975B-4AAC-874B-31113A72C0EE}
	EndProjectSection
EndProject
Project("{8BC9CEB8-8B4A-11D0-8D11-00A0C91BC942}") = "Luminous", "..\Luminous\win\Luminous.vcproj", "{F5A0CF7B-EBCA-3796-B31F-ECE6AB67A658}"
	ProjectSection(ProjectDependencies) = postProject
		{A4484306-126D-3B1C-A039-C9F6B931EE56} = {A4484306-126D-3B1C-A039-C9F6B931EE56}
		{9806B806-9CC5-3C8A-8055-EF2340E5FFC6} = {9806B806-9CC5-3C8A-8055-EF2340E5FFC6}
		{1AC2C453-10C4-3639-8BA5-58A282D23FDC} = {1AC2C453-10C4-3639-8BA5-58A282D23FDC}
		{1E6B9A55-975B-4AAC-874B-31113A72C0EE} = {1E6B9A55-975B-4AAC-874B-31113A72C0EE}
	EndProjectSection
EndProject
Project("{8BC9CEB8-8B4A-11D0-8D11-00A0C91BC942}") = "Dyslexic", "..\Dyslexic\win\Dyslexic.vcproj", "{66DAC0D9-F556-3611-8225-4A4EEF9E93DA}"
	ProjectSection(ProjectDependencies) = postProject
		{A4484306-126D-3B1C-A039-C9F6B931EE56} = {A4484306-126D-3B1C-A039-C9F6B931EE56}
		{9806B806-9CC5-3C8A-8055-EF2340E5FFC6} = {9806B806-9CC5-3C8A-8055-EF2340E5FFC6}
		{1AC2C453-10C4-3639-8BA5-58A282D23FDC} = {1AC2C453-10C4-3639-8BA5-58A282D23FDC}
		{1E6B9A55-975B-4AAC-874B-31113A72C0EE} = {1E6B9A55-975B-4AAC-874B-31113A72C0EE}
		{F5A0CF7B-EBCA-3796-B31F-ECE6AB67A658} = {F5A0CF7B-EBCA-3796-B31F-ECE6AB67A658}
	EndProjectSection
EndProject
Project("{8BC9CEB8-8B4A-11D0-8D11-00A0C91BC942}") = "Resonant", "..\Resonant\win\Resonant.vcproj", "{1B5864A2-77C0-3FB8-BCE3-FCDA3A36C5B8}"
	ProjectSection(ProjectDependencies) = postProject
		{1AC2C453-10C4-3639-8BA5-58A282D23FDC} = {1AC2C453-10C4-3639-8BA5-58A282D23FDC}
		{1E6B9A55-975B-4AAC-874B-31113A72C0EE} = {1E6B9A55-975B-4AAC-874B-31113A72C0EE}
		{9806B806-9CC5-3C8A-8055-EF2340E5FFC6} = {9806B806-9CC5-3C8A-8055-EF2340E5FFC6}
		{A4484306-126D-3B1C-A039-C9F6B931EE56} = {A4484306-126D-3B1C-A039-C9F6B931EE56}
	EndProjectSection
EndProject
Project("{8BC9CEB8-8B4A-11D0-8D11-00A0C91BC942}") = "ScreenPlay", "..\Screenplay\win\ScreenPlay.vcproj", "{10F6192D-AA99-3983-988F-F989E32C8E24}"
	ProjectSection(ProjectDependencies) = postProject
		{A4484306-126D-3B1C-A039-C9F6B931EE56} = {A4484306-126D-3B1C-A039-C9F6B931EE56}
		{9806B806-9CC5-3C8A-8055-EF2340E5FFC6} = {9806B806-9CC5-3C8A-8055-EF2340E5FFC6}
		{1AC2C453-10C4-3639-8BA5-58A282D23FDC} = {1AC2C453-10C4-3639-8BA5-58A282D23FDC}
		{1E6B9A55-975B-4AAC-874B-31113A72C0EE} = {1E6B9A55-975B-4AAC-874B-31113A72C0EE}
		{F5A0CF7B-EBCA-3796-B31F-ECE6AB67A658} = {F5A0CF7B-EBCA-3796-B31F-ECE6AB67A658}
	EndProjectSection
EndProject
Project("{8BC9CEB8-8B4A-11D0-8D11-00A0C91BC942}") = "VideoDisplay", "..\VideoDisplay\win\VideoDisplay.vcproj", "{3A622858-576B-3289-BC5B-D2B619D1A040}"
	ProjectSection(ProjectDependencies) = postProject
		{A4484306-126D-3B1C-A039-C9F6B931EE56} = {A4484306-126D-3B1C-A039-C9F6B931EE56}
		{9806B806-9CC5-3C8A-8055-EF2340E5FFC6} = {9806B806-9CC5-3C8A-8055-EF2340E5FFC6}
		{10F6192D-AA99-3983-988F-F989E32C8E24} = {10F6192D-AA99-3983-988F-F989E32C8E24}
		{1AC2C453-10C4-3639-8BA5-58A282D23FDC} = {1AC2C453-10C4-3639-8BA5-58A282D23FDC}
		{1E6B9A55-975B-4AAC-874B-31113A72C0EE} = {1E6B9A55-975B-4AAC-874B-31113A72C0EE}
		{F5A0CF7B-EBCA-3796-B31F-ECE6AB67A658} = {F5A0CF7B-EBCA-3796-B31F-ECE6AB67A658}
		{66DAC0D9-F556-3611-8225-4A4EEF9E93DA} = {66DAC0D9-F556-3611-8225-4A4EEF9E93DA}
	EndProjectSection
EndProject
Project("{8BC9CEB8-8B4A-11D0-8D11-00A0C91BC942}") = "MoviePlayer", "..\Applications\MoviePlayer\win\MoviePlayer.vcproj", "{FB80B3CE-DFC1-39D6-B3BD-9A19B0F25F93}"
	ProjectSection(ProjectDependencies) = postProject
		{A4484306-126D-3B1C-A039-C9F6B931EE56} = {A4484306-126D-3B1C-A039-C9F6B931EE56}
		{9806B806-9CC5-3C8A-8055-EF2340E5FFC6} = {9806B806-9CC5-3C8A-8055-EF2340E5FFC6}
		{10F6192D-AA99-3983-988F-F989E32C8E24} = {10F6192D-AA99-3983-988F-F989E32C8E24}
		{1AC2C453-10C4-3639-8BA5-58A282D23FDC} = {1AC2C453-10C4-3639-8BA5-58A282D23FDC}
		{1E6B9A55-975B-4AAC-874B-31113A72C0EE} = {1E6B9A55-975B-4AAC-874B-31113A72C0EE}
		{3A622858-576B-3289-BC5B-D2B619D1A040} = {3A622858-576B-3289-BC5B-D2B619D1A040}
		{F5A0CF7B-EBCA-3796-B31F-ECE6AB67A658} = {F5A0CF7B-EBCA-3796-B31F-ECE6AB67A658}
		{1B5864A2-77C0-3FB8-BCE3-FCDA3A36C5B8} = {1B5864A2-77C0-3FB8-BCE3-FCDA3A36C5B8}
		{66DAC0D9-F556-3611-8225-4A4EEF9E93DA} = {66DAC0D9-F556-3611-8225-4A4EEF9E93DA}
	EndProjectSection
EndProject
Project("{8BC9CEB8-8B4A-11D0-8D11-00A0C91BC942}") = "FireView", "..\Applications\FireView\win\FireView.vcproj", "{A1D24E24-3837-3087-B1CF-51DD0DB139F4}"
	ProjectSection(ProjectDependencies) = postProject
		{A4484306-126D-3B1C-A039-C9F6B931EE56} = {A4484306-126D-3B1C-A039-C9F6B931EE56}
		{9806B806-9CC5-3C8A-8055-EF2340E5FFC6} = {9806B806-9CC5-3C8A-8055-EF2340E5FFC6}
		{10F6192D-AA99-3983-988F-F989E32C8E24} = {10F6192D-AA99-3983-988F-F989E32C8E24}
		{1AC2C453-10C4-3639-8BA5-58A282D23FDC} = {1AC2C453-10C4-3639-8BA5-58A282D23FDC}
		{1E6B9A55-975B-4AAC-874B-31113A72C0EE} = {1E6B9A55-975B-4AAC-874B-31113A72C0EE}
		{3A622858-576B-3289-BC5B-D2B619D1A040} = {3A622858-576B-3289-BC5B-D2B619D1A040}
		{F5A0CF7B-EBCA-3796-B31F-ECE6AB67A658} = {F5A0CF7B-EBCA-3796-B31F-ECE6AB67A658}
		{1B5864A2-77C0-3FB8-BCE3-FCDA3A36C5B8} = {1B5864A2-77C0-3FB8-BCE3-FCDA3A36C5B8}
		{66DAC0D9-F556-3611-8225-4A4EEF9E93DA} = {66DAC0D9-F556-3611-8225-4A4EEF9E93DA}
	EndProjectSection
EndProject
Project("{8BC9CEB8-8B4A-11D0-8D11-00A0C91BC942}") = "Watcher", "..\Applications\Watcher\win\Watcher.vcproj", "{B0B5587E-D1D0-3594-B16E-E1BD167F9365}"
	ProjectSection(ProjectDependencies) = postProject
		{66DAC0D9-F556-3611-8225-4A4EEF9E93DA} = {66DAC0D9-F556-3611-8225-4A4EEF9E93DA}
		{1B5864A2-77C0-3FB8-BCE3-FCDA3A36C5B8} = {1B5864A2-77C0-3FB8-BCE3-FCDA3A36C5B8}
		{F5A0CF7B-EBCA-3796-B31F-ECE6AB67A658} = {F5A0CF7B-EBCA-3796-B31F-ECE6AB67A658}
		{3A622858-576B-3289-BC5B-D2B619D1A040} = {3A622858-576B-3289-BC5B-D2B619D1A040}
		{1E6B9A55-975B-4AAC-874B-31113A72C0EE} = {1E6B9A55-975B-4AAC-874B-31113A72C0EE}
		{1AC2C453-10C4-3639-8BA5-58A282D23FDC} = {1AC2C453-10C4-3639-8BA5-58A282D23FDC}
		{10F6192D-AA99-3983-988F-F989E32C8E24} = {10F6192D-AA99-3983-988F-F989E32C8E24}
		{9806B806-9CC5-3C8A-8055-EF2340E5FFC6} = {9806B806-9CC5-3C8A-8055-EF2340E5FFC6}
		{A4484306-126D-3B1C-A039-C9F6B931EE56} = {A4484306-126D-3B1C-A039-C9F6B931EE56}
	EndProjectSection
EndProject
Project("{2150E333-8FDC-42A3-9474-1A3956D46DE8}") = "Examples", "Examples", "{B966C019-1542-4C41-832F-3DB165A23CA7}"
EndProject
Project("{2150E333-8FDC-42A3-9474-1A3956D46DE8}") = "Applications", "Applications", "{730AB012-770D-4E44-A720-517A2A8AC7AF}"
EndProject
Project("{8BC9CEB8-8B4A-11D0-8D11-00A0C91BC942}") = "BuildExample", "..\Examples\BuildExample\win\BuildExample.vcproj", "{A206D4B6-7931-3DD3-B05A-047F36B09530}"
EndProject
Project("{8BC9CEB8-8B4A-11D0-8D11-00A0C91BC942}") = "ImageExample", "..\Examples\ImageExample\win\ImageExample.vcproj", "{123A9952-F3D8-3A21-91CD-A585608AD54E}"
	ProjectSection(ProjectDependencies) = postProject
		{A4484306-126D-3B1C-A039-C9F6B931EE56} = {A4484306-126D-3B1C-A039-C9F6B931EE56}
		{9806B806-9CC5-3C8A-8055-EF2340E5FFC6} = {9806B806-9CC5-3C8A-8055-EF2340E5FFC6}
		{10F6192D-AA99-3983-988F-F989E32C8E24} = {10F6192D-AA99-3983-988F-F989E32C8E24}
		{1AC2C453-10C4-3639-8BA5-58A282D23FDC} = {1AC2C453-10C4-3639-8BA5-58A282D23FDC}
		{1E6B9A55-975B-4AAC-874B-31113A72C0EE} = {1E6B9A55-975B-4AAC-874B-31113A72C0EE}
		{3A622858-576B-3289-BC5B-D2B619D1A040} = {3A622858-576B-3289-BC5B-D2B619D1A040}
		{F5A0CF7B-EBCA-3796-B31F-ECE6AB67A658} = {F5A0CF7B-EBCA-3796-B31F-ECE6AB67A658}
		{1B5864A2-77C0-3FB8-BCE3-FCDA3A36C5B8} = {1B5864A2-77C0-3FB8-BCE3-FCDA3A36C5B8}
		{66DAC0D9-F556-3611-8225-4A4EEF9E93DA} = {66DAC0D9-F556-3611-8225-4A4EEF9E93DA}
	EndProjectSection
EndProject
Project("{8BC9CEB8-8B4A-11D0-8D11-00A0C91BC942}") = "SocketExample", "..\Examples\SocketExample\win\SocketExample.vcproj", "{312F729C-CC6F-3DCE-8E9F-D09FC86921D9}"
	ProjectSection(ProjectDependencies) = postProject
		{A4484306-126D-3B1C-A039-C9F6B931EE56} = {A4484306-126D-3B1C-A039-C9F6B931EE56}
		{9806B806-9CC5-3C8A-8055-EF2340E5FFC6} = {9806B806-9CC5-3C8A-8055-EF2340E5FFC6}
		{10F6192D-AA99-3983-988F-F989E32C8E24} = {10F6192D-AA99-3983-988F-F989E32C8E24}
		{1AC2C453-10C4-3639-8BA5-58A282D23FDC} = {1AC2C453-10C4-3639-8BA5-58A282D23FDC}
		{1E6B9A55-975B-4AAC-874B-31113A72C0EE} = {1E6B9A55-975B-4AAC-874B-31113A72C0EE}
		{3A622858-576B-3289-BC5B-D2B619D1A040} = {3A622858-576B-3289-BC5B-D2B619D1A040}
		{F5A0CF7B-EBCA-3796-B31F-ECE6AB67A658} = {F5A0CF7B-EBCA-3796-B31F-ECE6AB67A658}
		{1B5864A2-77C0-3FB8-BCE3-FCDA3A36C5B8} = {1B5864A2-77C0-3FB8-BCE3-FCDA3A36C5B8}
		{66DAC0D9-F556-3611-8225-4A4EEF9E93DA} = {66DAC0D9-F556-3611-8225-4A4EEF9E93DA}
	EndProjectSection
EndProject
Project("{8BC9CEB8-8B4A-11D0-8D11-00A0C91BC942}") = "ValueExample", "..\Examples\ValueExample\win\ValueExample.vcproj", "{02DF21A9-8F1C-35C1-BC04-B512239E9675}"
	ProjectSection(ProjectDependencies) = postProject
		{A4484306-126D-3B1C-A039-C9F6B931EE56} = {A4484306-126D-3B1C-A039-C9F6B931EE56}
		{9806B806-9CC5-3C8A-8055-EF2340E5FFC6} = {9806B806-9CC5-3C8A-8055-EF2340E5FFC6}
		{10F6192D-AA99-3983-988F-F989E32C8E24} = {10F6192D-AA99-3983-988F-F989E32C8E24}
		{1AC2C453-10C4-3639-8BA5-58A282D23FDC} = {1AC2C453-10C4-3639-8BA5-58A282D23FDC}
		{1E6B9A55-975B-4AAC-874B-31113A72C0EE} = {1E6B9A55-975B-4AAC-874B-31113A72C0EE}
		{3A622858-576B-3289-BC5B-D2B619D1A040} = {3A622858-576B-3289-BC5B-D2B619D1A040}
		{F5A0CF7B-EBCA-3796-B31F-ECE6AB67A658} = {F5A0CF7B-EBCA-3796-B31F-ECE6AB67A658}
		{1B5864A2-77C0-3FB8-BCE3-FCDA3A36C5B8} = {1B5864A2-77C0-3FB8-BCE3-FCDA3A36C5B8}
		{66DAC0D9-F556-3611-8225-4A4EEF9E93DA} = {66DAC0D9-F556-3611-8225-4A4EEF9E93DA}
	EndProjectSection
EndProject
Global
	GlobalSection(SolutionConfigurationPlatforms) = preSolution
		Debug|Win32 = Debug|Win32
		Release|Win32 = Release|Win32
	EndGlobalSection
	GlobalSection(ProjectConfigurationPlatforms) = postSolution
		{1E6B9A55-975B-4AAC-874B-31113A72C0EE}.Debug|Win32.ActiveCfg = Debug|Win32
		{1E6B9A55-975B-4AAC-874B-31113A72C0EE}.Debug|Win32.Build.0 = Debug|Win32
		{1E6B9A55-975B-4AAC-874B-31113A72C0EE}.Release|Win32.ActiveCfg = Release|Win32
		{1E6B9A55-975B-4AAC-874B-31113A72C0EE}.Release|Win32.Build.0 = Release|Win32
		{1AC2C453-10C4-3639-8BA5-58A282D23FDC}.Debug|Win32.ActiveCfg = Debug|Win32
		{1AC2C453-10C4-3639-8BA5-58A282D23FDC}.Debug|Win32.Build.0 = Debug|Win32
		{1AC2C453-10C4-3639-8BA5-58A282D23FDC}.Release|Win32.ActiveCfg = Release|Win32
		{1AC2C453-10C4-3639-8BA5-58A282D23FDC}.Release|Win32.Build.0 = Release|Win32
		{A4484306-126D-3B1C-A039-C9F6B931EE56}.Debug|Win32.ActiveCfg = Debug|Win32
		{A4484306-126D-3B1C-A039-C9F6B931EE56}.Debug|Win32.Build.0 = Debug|Win32
		{A4484306-126D-3B1C-A039-C9F6B931EE56}.Release|Win32.ActiveCfg = Release|Win32
		{A4484306-126D-3B1C-A039-C9F6B931EE56}.Release|Win32.Build.0 = Release|Win32
		{9806B806-9CC5-3C8A-8055-EF2340E5FFC6}.Debug|Win32.ActiveCfg = Debug|Win32
		{9806B806-9CC5-3C8A-8055-EF2340E5FFC6}.Debug|Win32.Build.0 = Debug|Win32
		{9806B806-9CC5-3C8A-8055-EF2340E5FFC6}.Release|Win32.ActiveCfg = Release|Win32
		{9806B806-9CC5-3C8A-8055-EF2340E5FFC6}.Release|Win32.Build.0 = Release|Win32
		{F5A0CF7B-EBCA-3796-B31F-ECE6AB67A658}.Debug|Win32.ActiveCfg = Debug|Win32
		{F5A0CF7B-EBCA-3796-B31F-ECE6AB67A658}.Debug|Win32.Build.0 = Debug|Win32
		{F5A0CF7B-EBCA-3796-B31F-ECE6AB67A658}.Release|Win32.ActiveCfg = Release|Win32
		{F5A0CF7B-EBCA-3796-B31F-ECE6AB67A658}.Release|Win32.Build.0 = Release|Win32
		{66DAC0D9-F556-3611-8225-4A4EEF9E93DA}.Debug|Win32.ActiveCfg = Debug|Win32
		{66DAC0D9-F556-3611-8225-4A4EEF9E93DA}.Debug|Win32.Build.0 = Debug|Win32
		{66DAC0D9-F556-3611-8225-4A4EEF9E93DA}.Release|Win32.ActiveCfg = Release|Win32
		{66DAC0D9-F556-3611-8225-4A4EEF9E93DA}.Release|Win32.Build.0 = Release|Win32
		{1B5864A2-77C0-3FB8-BCE3-FCDA3A36C5B8}.Debug|Win32.ActiveCfg = Debug|Win32
		{1B5864A2-77C0-3FB8-BCE3-FCDA3A36C5B8}.Debug|Win32.Build.0 = Debug|Win32
		{1B5864A2-77C0-3FB8-BCE3-FCDA3A36C5B8}.Release|Win32.ActiveCfg = Release|Win32
		{1B5864A2-77C0-3FB8-BCE3-FCDA3A36C5B8}.Release|Win32.Build.0 = Release|Win32
		{10F6192D-AA99-3983-988F-F989E32C8E24}.Debug|Win32.ActiveCfg = Debug|Win32
		{10F6192D-AA99-3983-988F-F989E32C8E24}.Debug|Win32.Build.0 = Debug|Win32
		{10F6192D-AA99-3983-988F-F989E32C8E24}.Release|Win32.ActiveCfg = Release|Win32
		{10F6192D-AA99-3983-988F-F989E32C8E24}.Release|Win32.Build.0 = Release|Win32
		{3A622858-576B-3289-BC5B-D2B619D1A040}.Debug|Win32.ActiveCfg = Debug|Win32
		{3A622858-576B-3289-BC5B-D2B619D1A040}.Debug|Win32.Build.0 = Debug|Win32
		{3A622858-576B-3289-BC5B-D2B619D1A040}.Release|Win32.ActiveCfg = Release|Win32
		{3A622858-576B-3289-BC5B-D2B619D1A040}.Release|Win32.Build.0 = Release|Win32
		{FB80B3CE-DFC1-39D6-B3BD-9A19B0F25F93}.Debug|Win32.ActiveCfg = Debug|Win32
		{FB80B3CE-DFC1-39D6-B3BD-9A19B0F25F93}.Debug|Win32.Build.0 = Debug|Win32
		{FB80B3CE-DFC1-39D6-B3BD-9A19B0F25F93}.Release|Win32.ActiveCfg = Release|Win32
		{FB80B3CE-DFC1-39D6-B3BD-9A19B0F25F93}.Release|Win32.Build.0 = Release|Win32
		{A1D24E24-3837-3087-B1CF-51DD0DB139F4}.Debug|Win32.ActiveCfg = Debug|Win32
		{A1D24E24-3837-3087-B1CF-51DD0DB139F4}.Debug|Win32.Build.0 = Debug|Win32
		{A1D24E24-3837-3087-B1CF-51DD0DB139F4}.Release|Win32.ActiveCfg = Release|Win32
		{A1D24E24-3837-3087-B1CF-51DD0DB139F4}.Release|Win32.Build.0 = Release|Win32
		{B0B5587E-D1D0-3594-B16E-E1BD167F9365}.Debug|Win32.ActiveCfg = Debug|Win32
		{B0B5587E-D1D0-3594-B16E-E1BD167F9365}.Debug|Win32.Build.0 = Debug|Win32
		{B0B5587E-D1D0-3594-B16E-E1BD167F9365}.Release|Win32.ActiveCfg = Release|Win32
		{B0B5587E-D1D0-3594-B16E-E1BD167F9365}.Release|Win32.Build.0 = Release|Win32
		{A206D4B6-7931-3DD3-B05A-047F36B09530}.Debug|Win32.ActiveCfg = Debug|Win32
		{A206D4B6-7931-3DD3-B05A-047F36B09530}.Debug|Win32.Build.0 = Debug|Win32
		{A206D4B6-7931-3DD3-B05A-047F36B09530}.Release|Win32.ActiveCfg = Release|Win32
		{A206D4B6-7931-3DD3-B05A-047F36B09530}.Release|Win32.Build.0 = Release|Win32
		{123A9952-F3D8-3A21-91CD-A585608AD54E}.Debug|Win32.ActiveCfg = Debug|Win32
		{123A9952-F3D8-3A21-91CD-A585608AD54E}.Debug|Win32.Build.0 = Debug|Win32
		{123A9952-F3D8-3A21-91CD-A585608AD54E}.Release|Win32.ActiveCfg = Release|Win32
		{123A9952-F3D8-3A21-91CD-A585608AD54E}.Release|Win32.Build.0 = Release|Win32
		{312F729C-CC6F-3DCE-8E9F-D09FC86921D9}.Debug|Win32.ActiveCfg = Debug|Win32
		{312F729C-CC6F-3DCE-8E9F-D09FC86921D9}.Debug|Win32.Build.0 = Debug|Win32
		{312F729C-CC6F-3DCE-8E9F-D09FC86921D9}.Release|Win32.ActiveCfg = Release|Win32
		{312F729C-CC6F-3DCE-8E9F-D09FC86921D9}.Release|Win32.Build.0 = Release|Win32
		{02DF21A9-8F1C-35C1-BC04-B512239E9675}.Debug|Win32.ActiveCfg = Debug|Win32
		{02DF21A9-8F1C-35C1-BC04-B512239E9675}.Debug|Win32.Build.0 = Debug|Win32
		{02DF21A9-8F1C-35C1-BC04-B512239E9675}.Release|Win32.ActiveCfg = Release|Win32
		{02DF21A9-8F1C-35C1-BC04-B512239E9675}.Release|Win32.Build.0 = Release|Win32
	EndGlobalSection
	GlobalSection(SolutionProperties) = preSolution
		HideSolutionNode = FALSE
	EndGlobalSection
	GlobalSection(NestedProjects) = preSolution
		{A1D24E24-3837-3087-B1CF-51DD0DB139F4} = {730AB012-770D-4E44-A720-517A2A8AC7AF}
		{B0B5587E-D1D0-3594-B16E-E1BD167F9365} = {730AB012-770D-4E44-A720-517A2A8AC7AF}
		{FB80B3CE-DFC1-39D6-B3BD-9A19B0F25F93} = {730AB012-770D-4E44-A720-517A2A8AC7AF}
		{A206D4B6-7931-3DD3-B05A-047F36B09530} = {B966C019-1542-4C41-832F-3DB165A23CA7}
		{123A9952-F3D8-3A21-91CD-A585608AD54E} = {B966C019-1542-4C41-832F-3DB165A23CA7}
		{312F729C-CC6F-3DCE-8E9F-D09FC86921D9} = {B966C019-1542-4C41-832F-3DB165A23CA7}
		{02DF21A9-8F1C-35C1-BC04-B512239E9675} = {B966C019-1542-4C41-832F-3DB165A23CA7}
	EndGlobalSection
EndGlobal
