
Microsoft Visual Studio Solution File, Format Version 10.00
# Visual C++ Express 2008
Project("{8BC9CEB8-8B4A-11D0-8D11-00A0C91BC942}") = "WinPort", "WinPort\WinPort.vcproj", "{1E6B9A55-975B-4AAC-874B-31113A72C0EE}"
EndProject
Project("{8BC9CEB8-8B4A-11D0-8D11-00A0C91BC942}") = "Nimble", "..\Nimble\win\Nimble.vcproj", "{D1312DBF-02D6-398D-BD55-1303AFC17EFC}"
EndProject
Project("{8BC9CEB8-8B4A-11D0-8D11-00A0C91BC942}") = "ValueIO", "..\ValueIO\win\ValueIO.vcproj", "{11101650-C41C-3EBB-B94D-878DC3978EE9}"
	ProjectSection(ProjectDependencies) = postProject
		{410D922A-8FD9-363D-99ED-2607E09E3A78} = {410D922A-8FD9-363D-99ED-2607E09E3A78}
	EndProjectSection
EndProject
Project("{8BC9CEB8-8B4A-11D0-8D11-00A0C91BC942}") = "Radiant", "..\Radiant\win\Radiant.vcproj", "{410D922A-8FD9-363D-99ED-2607E09E3A78}"
	ProjectSection(ProjectDependencies) = postProject
		{845F9044-BCBA-3A37-BD67-0A24B54F93BA} = {845F9044-BCBA-3A37-BD67-0A24B54F93BA}
		{1E6B9A55-975B-4AAC-874B-31113A72C0EE} = {1E6B9A55-975B-4AAC-874B-31113A72C0EE}
	EndProjectSection
EndProject
Project("{8BC9CEB8-8B4A-11D0-8D11-00A0C91BC942}") = "Luminous", "..\Luminous\win\Luminous.vcproj", "{F91B8F93-F19C-36B1-A191-63802587D0EE}"
	ProjectSection(ProjectDependencies) = postProject
		{410D922A-8FD9-363D-99ED-2607E09E3A78} = {410D922A-8FD9-363D-99ED-2607E09E3A78}
		{845F9044-BCBA-3A37-BD67-0A24B54F93BA} = {845F9044-BCBA-3A37-BD67-0A24B54F93BA}
		{1E6B9A55-975B-4AAC-874B-31113A72C0EE} = {1E6B9A55-975B-4AAC-874B-31113A72C0EE}
		{2ACE906F-4B06-30B1-A741-5E5BF2DD00C2} = {2ACE906F-4B06-30B1-A741-5E5BF2DD00C2}
		{D1312DBF-02D6-398D-BD55-1303AFC17EFC} = {D1312DBF-02D6-398D-BD55-1303AFC17EFC}
	EndProjectSection
EndProject
Project("{8BC9CEB8-8B4A-11D0-8D11-00A0C91BC942}") = "Dyslexic", "..\Dyslexic\win\Dyslexic.vcproj", "{91100E0D-7088-341E-A1AD-B974640EFBD9}"
	ProjectSection(ProjectDependencies) = postProject
		{410D922A-8FD9-363D-99ED-2607E09E3A78} = {410D922A-8FD9-363D-99ED-2607E09E3A78}
		{1E6B9A55-975B-4AAC-874B-31113A72C0EE} = {1E6B9A55-975B-4AAC-874B-31113A72C0EE}
		{F91B8F93-F19C-36B1-A191-63802587D0EE} = {F91B8F93-F19C-36B1-A191-63802587D0EE}
		{D1312DBF-02D6-398D-BD55-1303AFC17EFC} = {D1312DBF-02D6-398D-BD55-1303AFC17EFC}
	EndProjectSection
EndProject
Project("{8BC9CEB8-8B4A-11D0-8D11-00A0C91BC942}") = "Resonant", "..\Resonant\win\Resonant.vcproj", "{0552AC71-8BAC-3CCA-A2E6-60C15604C6AB}"
	ProjectSection(ProjectDependencies) = postProject
		{410D922A-8FD9-363D-99ED-2607E09E3A78} = {410D922A-8FD9-363D-99ED-2607E09E3A78}
		{845F9044-BCBA-3A37-BD67-0A24B54F93BA} = {845F9044-BCBA-3A37-BD67-0A24B54F93BA}
		{1E6B9A55-975B-4AAC-874B-31113A72C0EE} = {1E6B9A55-975B-4AAC-874B-31113A72C0EE}
	EndProjectSection
EndProject
Project("{8BC9CEB8-8B4A-11D0-8D11-00A0C91BC942}") = "ScreenPlay", "..\Screenplay\win\ScreenPlay.vcproj", "{CCA3437C-7AE0-3094-AFA4-8FB8271444B3}"
	ProjectSection(ProjectDependencies) = postProject
		{410D922A-8FD9-363D-99ED-2607E09E3A78} = {410D922A-8FD9-363D-99ED-2607E09E3A78}
		{1E6B9A55-975B-4AAC-874B-31113A72C0EE} = {1E6B9A55-975B-4AAC-874B-31113A72C0EE}
	EndProjectSection
EndProject
Project("{8BC9CEB8-8B4A-11D0-8D11-00A0C91BC942}") = "VideoDisplay", "..\VideoDisplay\win\VideoDisplay.vcproj", "{0DB171AA-74BB-3AEE-9848-8DC18D3DDB77}"
	ProjectSection(ProjectDependencies) = postProject
		{91100E0D-7088-341E-A1AD-B974640EFBD9} = {91100E0D-7088-341E-A1AD-B974640EFBD9}
		{410D922A-8FD9-363D-99ED-2607E09E3A78} = {410D922A-8FD9-363D-99ED-2607E09E3A78}
		{845F9044-BCBA-3A37-BD67-0A24B54F93BA} = {845F9044-BCBA-3A37-BD67-0A24B54F93BA}
		{1E6B9A55-975B-4AAC-874B-31113A72C0EE} = {1E6B9A55-975B-4AAC-874B-31113A72C0EE}
		{0552AC71-8BAC-3CCA-A2E6-60C15604C6AB} = {0552AC71-8BAC-3CCA-A2E6-60C15604C6AB}
		{CCA3437C-7AE0-3094-AFA4-8FB8271444B3} = {CCA3437C-7AE0-3094-AFA4-8FB8271444B3}
		{F91B8F93-F19C-36B1-A191-63802587D0EE} = {F91B8F93-F19C-36B1-A191-63802587D0EE}
	EndProjectSection
EndProject
Project("{8BC9CEB8-8B4A-11D0-8D11-00A0C91BC942}") = "MoviePlayer", "..\Applications\MoviePlayer\win\MoviePlayer.vcproj", "{FDD8E972-C018-350C-A23E-936785CA867D}"
	ProjectSection(ProjectDependencies) = postProject
		{91100E0D-7088-341E-A1AD-B974640EFBD9} = {91100E0D-7088-341E-A1AD-B974640EFBD9}
		{410D922A-8FD9-363D-99ED-2607E09E3A78} = {410D922A-8FD9-363D-99ED-2607E09E3A78}
		{1E6B9A55-975B-4AAC-874B-31113A72C0EE} = {1E6B9A55-975B-4AAC-874B-31113A72C0EE}
		{2ACE906F-4B06-30B1-A741-5E5BF2DD00C2} = {2ACE906F-4B06-30B1-A741-5E5BF2DD00C2}
		{0552AC71-8BAC-3CCA-A2E6-60C15604C6AB} = {0552AC71-8BAC-3CCA-A2E6-60C15604C6AB}
		{CCA3437C-7AE0-3094-AFA4-8FB8271444B3} = {CCA3437C-7AE0-3094-AFA4-8FB8271444B3}
		{F91B8F93-F19C-36B1-A191-63802587D0EE} = {F91B8F93-F19C-36B1-A191-63802587D0EE}
		{0DB171AA-74BB-3AEE-9848-8DC18D3DDB77} = {0DB171AA-74BB-3AEE-9848-8DC18D3DDB77}
	EndProjectSection
EndProject
Project("{8BC9CEB8-8B4A-11D0-8D11-00A0C91BC942}") = "FireView", "..\Applications\FireView\win\FireView.vcproj", "{FA9FFE9E-CC51-3BB6-AF70-D25BFAB34E94}"
	ProjectSection(ProjectDependencies) = postProject
		{410D922A-8FD9-363D-99ED-2607E09E3A78} = {410D922A-8FD9-363D-99ED-2607E09E3A78}
		{845F9044-BCBA-3A37-BD67-0A24B54F93BA} = {845F9044-BCBA-3A37-BD67-0A24B54F93BA}
		{1E6B9A55-975B-4AAC-874B-31113A72C0EE} = {1E6B9A55-975B-4AAC-874B-31113A72C0EE}
		{2ACE906F-4B06-30B1-A741-5E5BF2DD00C2} = {2ACE906F-4B06-30B1-A741-5E5BF2DD00C2}
		{F91B8F93-F19C-36B1-A191-63802587D0EE} = {F91B8F93-F19C-36B1-A191-63802587D0EE}
		{0DB171AA-74BB-3AEE-9848-8DC18D3DDB77} = {0DB171AA-74BB-3AEE-9848-8DC18D3DDB77}
		{D1312DBF-02D6-398D-BD55-1303AFC17EFC} = {D1312DBF-02D6-398D-BD55-1303AFC17EFC}
	EndProjectSection
EndProject
Project("{8BC9CEB8-8B4A-11D0-8D11-00A0C91BC942}") = "Watcher", "..\Applications\Watcher\win\Watcher.vcproj", "{621DF359-1EC8-3408-960D-8AEBBB18FB91}"
	ProjectSection(ProjectDependencies) = postProject
		{410D922A-8FD9-363D-99ED-2607E09E3A78} = {410D922A-8FD9-363D-99ED-2607E09E3A78}
		{1E6B9A55-975B-4AAC-874B-31113A72C0EE} = {1E6B9A55-975B-4AAC-874B-31113A72C0EE}
	EndProjectSection
EndProject
Project("{8BC9CEB8-8B4A-11D0-8D11-00A0C91BC942}") = "BuildExample", "..\Examples\BuildExample\win\BuildExample.vcproj", "{F6651D66-3125-3542-B531-F23EDCA322D8}"
	ProjectSection(ProjectDependencies) = postProject
		{91100E0D-7088-341E-A1AD-B974640EFBD9} = {91100E0D-7088-341E-A1AD-B974640EFBD9}
		{410D922A-8FD9-363D-99ED-2607E09E3A78} = {410D922A-8FD9-363D-99ED-2607E09E3A78}
		{11101650-C41C-3EBB-B94D-878DC3978EE9} = {11101650-C41C-3EBB-B94D-878DC3978EE9}
		{1E6B9A55-975B-4AAC-874B-31113A72C0EE} = {1E6B9A55-975B-4AAC-874B-31113A72C0EE}
		{0552AC71-8BAC-3CCA-A2E6-60C15604C6AB} = {0552AC71-8BAC-3CCA-A2E6-60C15604C6AB}
		{CCA3437C-7AE0-3094-AFA4-8FB8271444B3} = {CCA3437C-7AE0-3094-AFA4-8FB8271444B3}
		{F91B8F93-F19C-36B1-A191-63802587D0EE} = {F91B8F93-F19C-36B1-A191-63802587D0EE}
		{D1312DBF-02D6-398D-BD55-1303AFC17EFC} = {D1312DBF-02D6-398D-BD55-1303AFC17EFC}
	EndProjectSection
EndProject
Project("{8BC9CEB8-8B4A-11D0-8D11-00A0C91BC942}") = "ImageExample", "..\Examples\ImageExample\win\ImageExample.vcproj", "{2679213D-9179-3721-8FE1-0411549809F0}"
	ProjectSection(ProjectDependencies) = postProject
		{410D922A-8FD9-363D-99ED-2607E09E3A78} = {410D922A-8FD9-363D-99ED-2607E09E3A78}
		{2ACE906F-4B06-30B1-A741-5E5BF2DD00C2} = {2ACE906F-4B06-30B1-A741-5E5BF2DD00C2}
		{F91B8F93-F19C-36B1-A191-63802587D0EE} = {F91B8F93-F19C-36B1-A191-63802587D0EE}
	EndProjectSection
EndProject
Project("{8BC9CEB8-8B4A-11D0-8D11-00A0C91BC942}") = "SocketExample", "..\Examples\SocketExample\win\SocketExample.vcproj", "{0CCB5775-CA6C-3D00-A234-B71FA9648506}"
	ProjectSection(ProjectDependencies) = postProject
		{410D922A-8FD9-363D-99ED-2607E09E3A78} = {410D922A-8FD9-363D-99ED-2607E09E3A78}
		{1E6B9A55-975B-4AAC-874B-31113A72C0EE} = {1E6B9A55-975B-4AAC-874B-31113A72C0EE}
	EndProjectSection
EndProject
Project("{8BC9CEB8-8B4A-11D0-8D11-00A0C91BC942}") = "Patterns", "..\Patterns\win\Patterns.vcproj", "{845F9044-BCBA-3A37-BD67-0A24B54F93BA}"
EndProject
Project("{8BC9CEB8-8B4A-11D0-8D11-00A0C91BC942}") = "Valuable", "..\Valuable\win\Valuable.vcproj", "{2ACE906F-4B06-30B1-A741-5E5BF2DD00C2}"
	ProjectSection(ProjectDependencies) = postProject
		{410D922A-8FD9-363D-99ED-2607E09E3A78} = {410D922A-8FD9-363D-99ED-2607E09E3A78}
		{1E6B9A55-975B-4AAC-874B-31113A72C0EE} = {1E6B9A55-975B-4AAC-874B-31113A72C0EE}
	EndProjectSection
EndProject
Project("{8BC9CEB8-8B4A-11D0-8D11-00A0C91BC942}") = "ExternalCompilation", "..\Examples\ExternalCompilation\win\ExternalCompilation.vcproj", "{BFF492F2-6FDC-3DD1-9E7F-6448E4983D52}"
	ProjectSection(ProjectDependencies) = postProject
		{91100E0D-7088-341E-A1AD-B974640EFBD9} = {91100E0D-7088-341E-A1AD-B974640EFBD9}
		{410D922A-8FD9-363D-99ED-2607E09E3A78} = {410D922A-8FD9-363D-99ED-2607E09E3A78}
		{1E6B9A55-975B-4AAC-874B-31113A72C0EE} = {1E6B9A55-975B-4AAC-874B-31113A72C0EE}
		{0552AC71-8BAC-3CCA-A2E6-60C15604C6AB} = {0552AC71-8BAC-3CCA-A2E6-60C15604C6AB}
		{CCA3437C-7AE0-3094-AFA4-8FB8271444B3} = {CCA3437C-7AE0-3094-AFA4-8FB8271444B3}
		{F91B8F93-F19C-36B1-A191-63802587D0EE} = {F91B8F93-F19C-36B1-A191-63802587D0EE}
		{0DB171AA-74BB-3AEE-9848-8DC18D3DDB77} = {0DB171AA-74BB-3AEE-9848-8DC18D3DDB77}
		{D1312DBF-02D6-398D-BD55-1303AFC17EFC} = {D1312DBF-02D6-398D-BD55-1303AFC17EFC}
	EndProjectSection
EndProject
Project("{8BC9CEB8-8B4A-11D0-8D11-00A0C91BC942}") = "PlatformExample", "..\Examples\PlatformExample\win\PlatformExample.vcproj", "{59393597-87CE-3B11-91EC-7D5559F8F7A9}"
	ProjectSection(ProjectDependencies) = postProject
		{410D922A-8FD9-363D-99ED-2607E09E3A78} = {410D922A-8FD9-363D-99ED-2607E09E3A78}
	EndProjectSection
EndProject
Project("{8BC9CEB8-8B4A-11D0-8D11-00A0C91BC942}") = "SamplePlayer", "..\Examples\SamplePlayer\win\SamplePlayer.vcproj", "{F83C5918-6E0C-3BC3-92A6-D28757A4B1E2}"
	ProjectSection(ProjectDependencies) = postProject
		{410D922A-8FD9-363D-99ED-2607E09E3A78} = {410D922A-8FD9-363D-99ED-2607E09E3A78}
		{1E6B9A55-975B-4AAC-874B-31113A72C0EE} = {1E6B9A55-975B-4AAC-874B-31113A72C0EE}
		{0552AC71-8BAC-3CCA-A2E6-60C15604C6AB} = {0552AC71-8BAC-3CCA-A2E6-60C15604C6AB}
	EndProjectSection
EndProject
Project("{8BC9CEB8-8B4A-11D0-8D11-00A0C91BC942}") = "VertexBuffers", "..\Examples\VertexBuffers\win\VertexBuffers.vcproj", "{156807E3-2869-3C22-9BBA-608528DD8050}"
	ProjectSection(ProjectDependencies) = postProject
		{410D922A-8FD9-363D-99ED-2607E09E3A78} = {410D922A-8FD9-363D-99ED-2607E09E3A78}
		{F91B8F93-F19C-36B1-A191-63802587D0EE} = {F91B8F93-F19C-36B1-A191-63802587D0EE}
		{D1312DBF-02D6-398D-BD55-1303AFC17EFC} = {D1312DBF-02D6-398D-BD55-1303AFC17EFC}
	EndProjectSection
EndProject
Global
	GlobalSection(SolutionConfigurationPlatforms) = preSolution
		Debug|Win32 = Debug|Win32
		Release|Win32 = Release|Win32
	EndGlobalSection
	GlobalSection(ProjectConfigurationPlatforms) = postSolution
		{1E6B9A55-975B-4AAC-874B-31113A72C0EE}.Debug|Win32.ActiveCfg = Debug|Win32
		{1E6B9A55-975B-4AAC-874B-31113A72C0EE}.Debug|Win32.Build.0 = Debug|Win32
		{1E6B9A55-975B-4AAC-874B-31113A72C0EE}.Release|Win32.ActiveCfg = Release|Win32
		{1E6B9A55-975B-4AAC-874B-31113A72C0EE}.Release|Win32.Build.0 = Release|Win32
		{D1312DBF-02D6-398D-BD55-1303AFC17EFC}.Debug|Win32.ActiveCfg = Debug|Win32
		{D1312DBF-02D6-398D-BD55-1303AFC17EFC}.Debug|Win32.Build.0 = Debug|Win32
		{D1312DBF-02D6-398D-BD55-1303AFC17EFC}.Release|Win32.ActiveCfg = Release|Win32
		{D1312DBF-02D6-398D-BD55-1303AFC17EFC}.Release|Win32.Build.0 = Release|Win32
		{11101650-C41C-3EBB-B94D-878DC3978EE9}.Debug|Win32.ActiveCfg = Debug|Win32
		{11101650-C41C-3EBB-B94D-878DC3978EE9}.Debug|Win32.Build.0 = Debug|Win32
		{11101650-C41C-3EBB-B94D-878DC3978EE9}.Release|Win32.ActiveCfg = Release|Win32
		{11101650-C41C-3EBB-B94D-878DC3978EE9}.Release|Win32.Build.0 = Release|Win32
		{410D922A-8FD9-363D-99ED-2607E09E3A78}.Debug|Win32.ActiveCfg = Debug|Win32
		{410D922A-8FD9-363D-99ED-2607E09E3A78}.Debug|Win32.Build.0 = Debug|Win32
		{410D922A-8FD9-363D-99ED-2607E09E3A78}.Release|Win32.ActiveCfg = Release|Win32
		{410D922A-8FD9-363D-99ED-2607E09E3A78}.Release|Win32.Build.0 = Release|Win32
		{F91B8F93-F19C-36B1-A191-63802587D0EE}.Debug|Win32.ActiveCfg = Debug|Win32
		{F91B8F93-F19C-36B1-A191-63802587D0EE}.Debug|Win32.Build.0 = Debug|Win32
		{F91B8F93-F19C-36B1-A191-63802587D0EE}.Release|Win32.ActiveCfg = Release|Win32
		{F91B8F93-F19C-36B1-A191-63802587D0EE}.Release|Win32.Build.0 = Release|Win32
		{91100E0D-7088-341E-A1AD-B974640EFBD9}.Debug|Win32.ActiveCfg = Debug|Win32
		{91100E0D-7088-341E-A1AD-B974640EFBD9}.Debug|Win32.Build.0 = Debug|Win32
		{91100E0D-7088-341E-A1AD-B974640EFBD9}.Release|Win32.ActiveCfg = Release|Win32
		{91100E0D-7088-341E-A1AD-B974640EFBD9}.Release|Win32.Build.0 = Release|Win32
		{0552AC71-8BAC-3CCA-A2E6-60C15604C6AB}.Debug|Win32.ActiveCfg = Debug|Win32
		{0552AC71-8BAC-3CCA-A2E6-60C15604C6AB}.Debug|Win32.Build.0 = Debug|Win32
		{0552AC71-8BAC-3CCA-A2E6-60C15604C6AB}.Release|Win32.ActiveCfg = Release|Win32
		{0552AC71-8BAC-3CCA-A2E6-60C15604C6AB}.Release|Win32.Build.0 = Release|Win32
		{CCA3437C-7AE0-3094-AFA4-8FB8271444B3}.Debug|Win32.ActiveCfg = Debug|Win32
		{CCA3437C-7AE0-3094-AFA4-8FB8271444B3}.Debug|Win32.Build.0 = Debug|Win32
		{CCA3437C-7AE0-3094-AFA4-8FB8271444B3}.Release|Win32.ActiveCfg = Release|Win32
		{CCA3437C-7AE0-3094-AFA4-8FB8271444B3}.Release|Win32.Build.0 = Release|Win32
		{0DB171AA-74BB-3AEE-9848-8DC18D3DDB77}.Debug|Win32.ActiveCfg = Debug|Win32
		{0DB171AA-74BB-3AEE-9848-8DC18D3DDB77}.Debug|Win32.Build.0 = Debug|Win32
		{0DB171AA-74BB-3AEE-9848-8DC18D3DDB77}.Release|Win32.ActiveCfg = Release|Win32
		{0DB171AA-74BB-3AEE-9848-8DC18D3DDB77}.Release|Win32.Build.0 = Release|Win32
		{FDD8E972-C018-350C-A23E-936785CA867D}.Debug|Win32.ActiveCfg = Debug|Win32
		{FDD8E972-C018-350C-A23E-936785CA867D}.Debug|Win32.Build.0 = Debug|Win32
		{FDD8E972-C018-350C-A23E-936785CA867D}.Release|Win32.ActiveCfg = Release|Win32
		{FDD8E972-C018-350C-A23E-936785CA867D}.Release|Win32.Build.0 = Release|Win32
		{FA9FFE9E-CC51-3BB6-AF70-D25BFAB34E94}.Debug|Win32.ActiveCfg = Debug|Win32
		{FA9FFE9E-CC51-3BB6-AF70-D25BFAB34E94}.Debug|Win32.Build.0 = Debug|Win32
		{FA9FFE9E-CC51-3BB6-AF70-D25BFAB34E94}.Release|Win32.ActiveCfg = Release|Win32
		{FA9FFE9E-CC51-3BB6-AF70-D25BFAB34E94}.Release|Win32.Build.0 = Release|Win32
		{621DF359-1EC8-3408-960D-8AEBBB18FB91}.Debug|Win32.ActiveCfg = Debug|Win32
		{621DF359-1EC8-3408-960D-8AEBBB18FB91}.Debug|Win32.Build.0 = Debug|Win32
		{621DF359-1EC8-3408-960D-8AEBBB18FB91}.Release|Win32.ActiveCfg = Release|Win32
		{621DF359-1EC8-3408-960D-8AEBBB18FB91}.Release|Win32.Build.0 = Release|Win32
		{F6651D66-3125-3542-B531-F23EDCA322D8}.Debug|Win32.ActiveCfg = Debug|Win32
		{F6651D66-3125-3542-B531-F23EDCA322D8}.Debug|Win32.Build.0 = Debug|Win32
		{F6651D66-3125-3542-B531-F23EDCA322D8}.Release|Win32.ActiveCfg = Release|Win32
		{F6651D66-3125-3542-B531-F23EDCA322D8}.Release|Win32.Build.0 = Release|Win32
		{2679213D-9179-3721-8FE1-0411549809F0}.Debug|Win32.ActiveCfg = Debug|Win32
		{2679213D-9179-3721-8FE1-0411549809F0}.Debug|Win32.Build.0 = Debug|Win32
		{2679213D-9179-3721-8FE1-0411549809F0}.Release|Win32.ActiveCfg = Release|Win32
		{2679213D-9179-3721-8FE1-0411549809F0}.Release|Win32.Build.0 = Release|Win32
		{0CCB5775-CA6C-3D00-A234-B71FA9648506}.Debug|Win32.ActiveCfg = Debug|Win32
		{0CCB5775-CA6C-3D00-A234-B71FA9648506}.Debug|Win32.Build.0 = Debug|Win32
		{0CCB5775-CA6C-3D00-A234-B71FA9648506}.Release|Win32.ActiveCfg = Release|Win32
		{0CCB5775-CA6C-3D00-A234-B71FA9648506}.Release|Win32.Build.0 = Release|Win32
		{845F9044-BCBA-3A37-BD67-0A24B54F93BA}.Debug|Win32.ActiveCfg = Debug|Win32
		{845F9044-BCBA-3A37-BD67-0A24B54F93BA}.Debug|Win32.Build.0 = Debug|Win32
		{845F9044-BCBA-3A37-BD67-0A24B54F93BA}.Release|Win32.ActiveCfg = Release|Win32
		{845F9044-BCBA-3A37-BD67-0A24B54F93BA}.Release|Win32.Build.0 = Release|Win32
		{2ACE906F-4B06-30B1-A741-5E5BF2DD00C2}.Debug|Win32.ActiveCfg = Debug|Win32
		{2ACE906F-4B06-30B1-A741-5E5BF2DD00C2}.Debug|Win32.Build.0 = Debug|Win32
		{2ACE906F-4B06-30B1-A741-5E5BF2DD00C2}.Release|Win32.ActiveCfg = Release|Win32
		{2ACE906F-4B06-30B1-A741-5E5BF2DD00C2}.Release|Win32.Build.0 = Release|Win32
		{BFF492F2-6FDC-3DD1-9E7F-6448E4983D52}.Debug|Win32.ActiveCfg = Debug|Win32
		{BFF492F2-6FDC-3DD1-9E7F-6448E4983D52}.Debug|Win32.Build.0 = Debug|Win32
		{BFF492F2-6FDC-3DD1-9E7F-6448E4983D52}.Release|Win32.ActiveCfg = Release|Win32
		{BFF492F2-6FDC-3DD1-9E7F-6448E4983D52}.Release|Win32.Build.0 = Release|Win32
		{59393597-87CE-3B11-91EC-7D5559F8F7A9}.Debug|Win32.ActiveCfg = Debug|Win32
		{59393597-87CE-3B11-91EC-7D5559F8F7A9}.Debug|Win32.Build.0 = Debug|Win32
		{59393597-87CE-3B11-91EC-7D5559F8F7A9}.Release|Win32.ActiveCfg = Release|Win32
		{59393597-87CE-3B11-91EC-7D5559F8F7A9}.Release|Win32.Build.0 = Release|Win32
		{F83C5918-6E0C-3BC3-92A6-D28757A4B1E2}.Debug|Win32.ActiveCfg = Debug|Win32
		{F83C5918-6E0C-3BC3-92A6-D28757A4B1E2}.Debug|Win32.Build.0 = Debug|Win32
		{F83C5918-6E0C-3BC3-92A6-D28757A4B1E2}.Release|Win32.ActiveCfg = Release|Win32
		{F83C5918-6E0C-3BC3-92A6-D28757A4B1E2}.Release|Win32.Build.0 = Release|Win32
		{156807E3-2869-3C22-9BBA-608528DD8050}.Debug|Win32.ActiveCfg = Debug|Win32
		{156807E3-2869-3C22-9BBA-608528DD8050}.Debug|Win32.Build.0 = Debug|Win32
		{156807E3-2869-3C22-9BBA-608528DD8050}.Release|Win32.ActiveCfg = Release|Win32
		{156807E3-2869-3C22-9BBA-608528DD8050}.Release|Win32.Build.0 = Release|Win32
	EndGlobalSection
	GlobalSection(SolutionProperties) = preSolution
		HideSolutionNode = FALSE
	EndGlobalSection
EndGlobal
